
Microsoft Visual Studio Solution File, Format Version 12.00
# Visual Studio Version 16
VisualStudioVersion = 16.0.32106.194
MinimumVisualStudioVersion = 10.0.40219.1
Project("{FAE04EC0-301F-11D3-BF4B-00C04F79EFBC}") = "Challenge", "Challenge\Challenge.csproj", "{67DBB924-1C04-4AD0-BB27-E03E39130429}"
EndProject
Global
	GlobalSection(SolutionConfigurationPlatforms) = preSolution
		Debug|Any CPU = Debug|Any CPU
		Release|Any CPU = Release|Any CPU
	EndGlobalSection
	GlobalSection(ProjectConfigurationPlatforms) = postSolution
		{67DBB924-1C04-4AD0-BB27-E03E39130429}.Debug|Any CPU.ActiveCfg = Debug|Any CPU
		{67DBB924-1C04-4AD0-BB27-E03E39130429}.Debug|Any CPU.Build.0 = Debug|Any CPU
		{67DBB924-1C04-4AD0-BB27-E03E39130429}.Release|Any CPU.ActiveCfg = Release|Any CPU
		{67DBB924-1C04-4AD0-BB27-E03E39130429}.Release|Any CPU.Build.0 = Release|Any CPU
	EndGlobalSection
	GlobalSection(SolutionProperties) = preSolution
		HideSolutionNode = FALSE
	EndGlobalSection
	GlobalSection(ExtensibilityGlobals) = postSolution
		SolutionGuid = {319DC3E5-7B01-4C8E-9C52-C325680A921A}
	EndGlobalSection
EndGlobal
